
Microsoft Visual Studio Solution File, Format Version 12.00
# Visual Studio Version 17
VisualStudioVersion = 17.7.34024.191
MinimumVisualStudioVersion = 10.0.40219.1
Project("{FAE04EC0-301F-11D3-BF4B-00C04F79EFBC}") = "Exercício 04", "Exercício 04.csproj", "{D972B4C8-B678-45C3-B678-88B9850F8096}"
EndProject
Global
	GlobalSection(SolutionConfigurationPlatforms) = preSolution
		Debug|Any CPU = Debug|Any CPU
		Release|Any CPU = Release|Any CPU
	EndGlobalSection
	GlobalSection(ProjectConfigurationPlatforms) = postSolution
		{D972B4C8-B678-45C3-B678-88B9850F8096}.Debug|Any CPU.ActiveCfg = Debug|Any CPU
		{D972B4C8-B678-45C3-B678-88B9850F8096}.Debug|Any CPU.Build.0 = Debug|Any CPU
		{D972B4C8-B678-45C3-B678-88B9850F8096}.Release|Any CPU.ActiveCfg = Release|Any CPU
		{D972B4C8-B678-45C3-B678-88B9850F8096}.Release|Any CPU.Build.0 = Release|Any CPU
	EndGlobalSection
	GlobalSection(SolutionProperties) = preSolution
		HideSolutionNode = FALSE
	EndGlobalSection
	GlobalSection(ExtensibilityGlobals) = postSolution
		SolutionGuid = {D67A2934-6903-47AB-81AC-F02642F13A54}
	EndGlobalSection
EndGlobal
