
Microsoft Visual Studio Solution File, Format Version 12.00
# Visual Studio Version 17
VisualStudioVersion = 17.5.002.0
MinimumVisualStudioVersion = 10.0.40219.1
Project("{9A19103F-16F7-4668-BE54-9A1E7A4F7556}") = "Exercício 04", "Exercício 04.csproj", "{61218A85-C243-4830-B7D5-F9CED9C2C590}"
EndProject
Global
	GlobalSection(SolutionConfigurationPlatforms) = preSolution
		Debug|Any CPU = Debug|Any CPU
		Release|Any CPU = Release|Any CPU
	EndGlobalSection
	GlobalSection(ProjectConfigurationPlatforms) = postSolution
		{61218A85-C243-4830-B7D5-F9CED9C2C590}.Debug|Any CPU.ActiveCfg = Debug|Any CPU
		{61218A85-C243-4830-B7D5-F9CED9C2C590}.Debug|Any CPU.Build.0 = Debug|Any CPU
		{61218A85-C243-4830-B7D5-F9CED9C2C590}.Release|Any CPU.ActiveCfg = Release|Any CPU
		{61218A85-C243-4830-B7D5-F9CED9C2C590}.Release|Any CPU.Build.0 = Release|Any CPU
	EndGlobalSection
	GlobalSection(SolutionProperties) = preSolution
		HideSolutionNode = FALSE
	EndGlobalSection
	GlobalSection(ExtensibilityGlobals) = postSolution
		SolutionGuid = {6C6B8D7A-9703-4F64-9157-A609A6F48A98}
	EndGlobalSection
EndGlobal
