
Microsoft Visual Studio Solution File, Format Version 12.00
# Visual Studio Version 17
VisualStudioVersion = 17.7.34024.191
MinimumVisualStudioVersion = 10.0.40219.1
Project("{FAE04EC0-301F-11D3-BF4B-00C04F79EFBC}") = "Exercício 05", "Exercício 05.csproj", "{61092870-A115-4540-9FFB-A13EC13D9447}"
EndProject
Global
	GlobalSection(SolutionConfigurationPlatforms) = preSolution
		Debug|Any CPU = Debug|Any CPU
		Release|Any CPU = Release|Any CPU
	EndGlobalSection
	GlobalSection(ProjectConfigurationPlatforms) = postSolution
		{61092870-A115-4540-9FFB-A13EC13D9447}.Debug|Any CPU.ActiveCfg = Debug|Any CPU
		{61092870-A115-4540-9FFB-A13EC13D9447}.Debug|Any CPU.Build.0 = Debug|Any CPU
		{61092870-A115-4540-9FFB-A13EC13D9447}.Release|Any CPU.ActiveCfg = Release|Any CPU
		{61092870-A115-4540-9FFB-A13EC13D9447}.Release|Any CPU.Build.0 = Release|Any CPU
	EndGlobalSection
	GlobalSection(SolutionProperties) = preSolution
		HideSolutionNode = FALSE
	EndGlobalSection
	GlobalSection(ExtensibilityGlobals) = postSolution
		SolutionGuid = {A5590AD8-D957-43E0-B072-1FC8020ECAE1}
	EndGlobalSection
EndGlobal
